// !$*UTF8*$!
{
	archiveVersion = 1;
	classes = {
	};
	objectVersion = 77;
	objects = {

/* Begin PBXContainerItemProxy section */
		ABB532F72D2E28790098A4F3 /* PBXContainerItemProxy */ = {
			isa = PBXContainerItemProxy;
			containerPortal = ABB532D82D2E28750098A4F3 /* Project object */;
			proxyType = 1;
			remoteGlobalIDString = ABB532DF2D2E28750098A4F3;
			remoteInfo = "IOS101-prework";
		};
		ABB533012D2E28790098A4F3 /* PBXContainerItemProxy */ = {
			isa = PBXContainerItemProxy;
			containerPortal = ABB532D82D2E28750098A4F3 /* Project object */;
			proxyType = 1;
			remoteGlobalIDString = ABB532DF2D2E28750098A4F3;
			remoteInfo = "IOS101-prework";
		};
/* End PBXContainerItemProxy section */

/* Begin PBXFileReference section */
		ABB532E02D2E28750098A4F3 /* IOS101-prework.app */ = {isa = PBXFileReference; explicitFileType = wrapper.application; includeInIndex = 0; path = "IOS101-prework.app"; sourceTree = BUILT_PRODUCTS_DIR; };
		ABB532F62D2E28790098A4F3 /* IOS101-preworkTests.xctest */ = {isa = PBXFileReference; explicitFileType = wrapper.cfbundle; includeInIndex = 0; path = "IOS101-preworkTests.xctest"; sourceTree = BUILT_PRODUCTS_DIR; };
		ABB533002D2E28790098A4F3 /* IOS101-preworkUITests.xctest */ = {isa = PBXFileReference; explicitFileType = wrapper.cfbundle; includeInIndex = 0; path = "IOS101-preworkUITests.xctest"; sourceTree = BUILT_PRODUCTS_DIR; };
/* End PBXFileReference section */

/* Begin PBXFileSystemSynchronizedBuildFileExceptionSet section */
		ABB533082D2E28790098A4F3 /* Exceptions for "IOS101-prework" folder in "IOS101-prework" target */ = {
			isa = PBXFileSystemSynchronizedBuildFileExceptionSet;
			membershipExceptions = (
				Info.plist,
			);
			target = ABB532DF2D2E28750098A4F3 /* IOS101-prework */;
		};
/* End PBXFileSystemSynchronizedBuildFileExceptionSet section */

/* Begin PBXFileSystemSynchronizedRootGroup section */
		ABB532E22D2E28750098A4F3 /* IOS101-prework */ = {
			isa = PBXFileSystemSynchronizedRootGroup;
			exceptions = (
				ABB533082D2E28790098A4F3 /* Exceptions for "IOS101-prework" folder in "IOS101-prework" target */,
			);
			path = "IOS101-prework";
			sourceTree = "<group>";
		};
		ABB532F92D2E28790098A4F3 /* IOS101-preworkTests */ = {
			isa = PBXFileSystemSynchronizedRootGroup;
			path = "IOS101-preworkTests";
			sourceTree = "<group>";
		};
		ABB533032D2E28790098A4F3 /* IOS101-preworkUITests */ = {
			isa = PBXFileSystemSynchronizedRootGroup;
			path = "IOS101-preworkUITests";
			sourceTree = "<group>";
		};
/* End PBXFileSystemSynchronizedRootGroup section */

/* Begin PBXFrameworksBuildPhase section */
		ABB532DD2D2E28750098A4F3 /* Frameworks */ = {
			isa = PBXFrameworksBuildPhase;
			buildActionMask = 2147483647;
			files = (
			);
			runOnlyForDeploymentPostprocessing = 0;
		};
		ABB532F32D2E28790098A4F3 /* Frameworks */ = {
			isa = PBXFrameworksBuildPhase;
			buildActionMask = 2147483647;
			files = (
			);
			runOnlyForDeploymentPostprocessing = 0;
		};
		ABB532FD2D2E28790098A4F3 /* Frameworks */ = {
			isa = PBXFrameworksBuildPhase;
			buildActionMask = 2147483647;
			files = (
			);
			runOnlyForDeploymentPostprocessing = 0;
		};
/* End PBXFrameworksBuildPhase section */

/* Begin PBXGroup section */
		ABB532D72D2E28750098A4F3 = {
			isa = PBXGroup;
			children = (
				ABB532E22D2E28750098A4F3 /* IOS101-prework */,
				ABB532F92D2E28790098A4F3 /* IOS101-preworkTests */,
				ABB533032D2E28790098A4F3 /* IOS101-preworkUITests */,
				ABB532E12D2E28750098A4F3 /* Products */,
			);
			sourceTree = "<group>";
		};
		ABB532E12D2E28750098A4F3 /* Products */ = {
			isa = PBXGroup;
			children = (
				ABB532E02D2E28750098A4F3 /* IOS101-prework.app */,
				ABB532F62D2E28790098A4F3 /* IOS101-preworkTests.xctest */,
				ABB533002D2E28790098A4F3 /* IOS101-preworkUITests.xctest */,
			);
			name = Products;
			sourceTree = "<group>";
		};
/* End PBXGroup section */

/* Begin PBXNativeTarget section */
		ABB532DF2D2E28750098A4F3 /* IOS101-prework */ = {
			isa = PBXNativeTarget;
			buildConfigurationList = ABB533092D2E28790098A4F3 /* Build configuration list for PBXNativeTarget "IOS101-prework" */;
			buildPhases = (
				ABB532DC2D2E28750098A4F3 /* Sources */,
				ABB532DD2D2E28750098A4F3 /* Frameworks */,
				ABB532DE2D2E28750098A4F3 /* Resources */,
			);
			buildRules = (
			);
			dependencies = (
			);
			fileSystemSynchronizedGroups = (
				ABB532E22D2E28750098A4F3 /* IOS101-prework */,
			);
			name = "IOS101-prework";
			packageProductDependencies = (
			);
			productName = "IOS101-prework";
			productReference = ABB532E02D2E28750098A4F3 /* IOS101-prework.app */;
			productType = "com.apple.product-type.application";
		};
		ABB532F52D2E28790098A4F3 /* IOS101-preworkTests */ = {
			isa = PBXNativeTarget;
			buildConfigurationList = ABB5330E2D2E28790098A4F3 /* Build configuration list for PBXNativeTarget "IOS101-preworkTests" */;
			buildPhases = (
				ABB532F22D2E28790098A4F3 /* Sources */,
				ABB532F32D2E28790098A4F3 /* Frameworks */,
				ABB532F42D2E28790098A4F3 /* Resources */,
			);
			buildRules = (
			);
			dependencies = (
				ABB532F82D2E28790098A4F3 /* PBXTargetDependency */,
			);
			fileSystemSynchronizedGroups = (
				ABB532F92D2E28790098A4F3 /* IOS101-preworkTests */,
			);
			name = "IOS101-preworkTests";
			packageProductDependencies = (
			);
			productName = "IOS101-preworkTests";
			productReference = ABB532F62D2E28790098A4F3 /* IOS101-preworkTests.xctest */;
			productType = "com.apple.product-type.bundle.unit-test";
		};
		ABB532FF2D2E28790098A4F3 /* IOS101-preworkUITests */ = {
			isa = PBXNativeTarget;
			buildConfigurationList = ABB533112D2E28790098A4F3 /* Build configuration list for PBXNativeTarget "IOS101-preworkUITests" */;
			buildPhases = (
				ABB532FC2D2E28790098A4F3 /* Sources */,
				ABB532FD2D2E28790098A4F3 /* Frameworks */,
				ABB532FE2D2E28790098A4F3 /* Resources */,
			);
			buildRules = (
			);
			dependencies = (
				ABB533022D2E28790098A4F3 /* PBXTargetDependency */,
			);
			fileSystemSynchronizedGroups = (
				ABB533032D2E28790098A4F3 /* IOS101-preworkUITests */,
			);
			name = "IOS101-preworkUITests";
			packageProductDependencies = (
			);
			productName = "IOS101-preworkUITests";
			productReference = ABB533002D2E28790098A4F3 /* IOS101-preworkUITests.xctest */;
			productType = "com.apple.product-type.bundle.ui-testing";
		};
/* End PBXNativeTarget section */

/* Begin PBXProject section */
		ABB532D82D2E28750098A4F3 /* Project object */ = {
			isa = PBXProject;
			attributes = {
				BuildIndependentTargetsInParallel = 1;
				LastSwiftUpdateCheck = 1620;
				LastUpgradeCheck = 1620;
				TargetAttributes = {
					ABB532DF2D2E28750098A4F3 = {
						CreatedOnToolsVersion = 16.2;
					};
					ABB532F52D2E28790098A4F3 = {
						CreatedOnToolsVersion = 16.2;
						TestTargetID = ABB532DF2D2E28750098A4F3;
					};
					ABB532FF2D2E28790098A4F3 = {
						CreatedOnToolsVersion = 16.2;
						TestTargetID = ABB532DF2D2E28750098A4F3;
					};
				};
			};
			buildConfigurationList = ABB532DB2D2E28750098A4F3 /* Build configuration list for PBXProject "IOS101-prework" */;
			developmentRegion = en;
			hasScannedForEncodings = 0;
			knownRegions = (
				en,
				Base,
			);
			mainGroup = ABB532D72D2E28750098A4F3;
			minimizedProjectReferenceProxies = 1;
			preferredProjectObjectVersion = 77;
			productRefGroup = ABB532E12D2E28750098A4F3 /* Products */;
			projectDirPath = "";
			projectRoot = "";
			targets = (
				ABB532DF2D2E28750098A4F3 /* IOS101-prework */,
				ABB532F52D2E28790098A4F3 /* IOS101-preworkTests */,
				ABB532FF2D2E28790098A4F3 /* IOS101-preworkUITests */,
			);
		};
/* End PBXProject section */

/* Begin PBXResourcesBuildPhase section */
		ABB532DE2D2E28750098A4F3 /* Resources */ = {
			isa = PBXResourcesBuildPhase;
			buildActionMask = 2147483647;
			files = (
			);
			runOnlyForDeploymentPostprocessing = 0;
		};
		ABB532F42D2E28790098A4F3 /* Resources */ = {
			isa = PBXResourcesBuildPhase;
			buildActionMask = 2147483647;
			files = (
			);
			runOnlyForDeploymentPostprocessing = 0;
		};
		ABB532FE2D2E28790098A4F3 /* Resources */ = {
			isa = PBXResourcesBuildPhase;
			buildActionMask = 2147483647;
			files = (
			);
			runOnlyForDeploymentPostprocessing = 0;
		};
/* End PBXResourcesBuildPhase section */

/* Begin PBXSourcesBuildPhase section */
		ABB532DC2D2E28750098A4F3 /* Sources */ = {
			isa = PBXSourcesBuildPhase;
			buildActionMask = 2147483647;
			files = (
			);
			runOnlyForDeploymentPostprocessing = 0;
		};
		ABB532F22D2E28790098A4F3 /* Sources */ = {
			isa = PBXSourcesBuildPhase;
			buildActionMask = 2147483647;
			files = (
			);
			runOnlyForDeploymentPostprocessing = 0;
		};
		ABB532FC2D2E28790098A4F3 /* Sources */ = {
			isa = PBXSourcesBuildPhase;
			buildActionMask = 2147483647;
			files = (
			);
			runOnlyForDeploymentPostprocessing = 0;
		};
/* End PBXSourcesBuildPhase section */

/* Begin PBXTargetDependency section */
		ABB532F82D2E28790098A4F3 /* PBXTargetDependency */ = {
			isa = PBXTargetDependency;
			target = ABB532DF2D2E28750098A4F3 /* IOS101-prework */;
			targetProxy = ABB532F72D2E28790098A4F3 /* PBXContainerItemProxy */;
		};
		ABB533022D2E28790098A4F3 /* PBXTargetDependency */ = {
			isa = PBXTargetDependency;
			target = ABB532DF2D2E28750098A4F3 /* IOS101-prework */;
			targetProxy = ABB533012D2E28790098A4F3 /* PBXContainerItemProxy */;
		};
/* End PBXTargetDependency section */

/* Begin XCBuildConfiguration section */
		ABB5330A2D2E28790098A4F3 /* Debug */ = {
			isa = XCBuildConfiguration;
			buildSettings = {
				ASSETCATALOG_COMPILER_APPICON_NAME = AppIcon;
				ASSETCATALOG_COMPILER_GLOBAL_ACCENT_COLOR_NAME = AccentColor;
				CODE_SIGN_STYLE = Automatic;
				CURRENT_PROJECT_VERSION = 1;
				GENERATE_INFOPLIST_FILE = YES;
				INFOPLIST_FILE = "IOS101-prework/Info.plist";
				INFOPLIST_KEY_UIApplicationSupportsIndirectInputEvents = YES;
				INFOPLIST_KEY_UILaunchStoryboardName = LaunchScreen;
				INFOPLIST_KEY_UIMainStoryboardFile = Main;
				INFOPLIST_KEY_UISupportedInterfaceOrientations_iPad = "UIInterfaceOrientationPortrait UIInterfaceOrientationPortraitUpsideDown UIInterfaceOrientationLandscapeLeft UIInterfaceOrientationLandscapeRight";
				INFOPLIST_KEY_UISupportedInterfaceOrientations_iPhone = "UIInterfaceOrientationPortrait UIInterfaceOrientationLandscapeLeft UIInterfaceOrientationLandscapeRight";
				LD_RUNPATH_SEARCH_PATHS = (
					"$(inherited)",
					"@executable_path/Frameworks",
				);
				MARKETING_VERSION = 1.0;
				PRODUCT_BUNDLE_IDENTIFIER = "fernandezreyes.d.IOS101-prework";
				PRODUCT_NAME = "$(TARGET_NAME)";
				SWIFT_EMIT_LOC_STRINGS = YES;
				SWIFT_VERSION = 5.0;
				TARGETED_DEVICE_FAMILY = "1,2";
			};
			name = Debug;
		};
		ABB5330B2D2E28790098A4F3 /* Release */ = {
			isa = XCBuildConfiguration;
			buildSettings = {
				ASSETCATALOG_COMPILER_APPICON_NAME = AppIcon;
				ASSETCATALOG_COMPILER_GLOBAL_ACCENT_COLOR_NAME = AccentColor;
				CODE_SIGN_STYLE = Automatic;
				CURRENT_PROJECT_VERSION = 1;
				GENERATE_INFOPLIST_FILE = YES;
				INFOPLIST_FILE = "IOS101-prework/Info.plist";
				INFOPLIST_KEY_UIApplicationSupportsIndirectInputEvents = YES;
				INFOPLIST_KEY_UILaunchStoryboardName = LaunchScreen;
				INFOPLIST_KEY_UIMainStoryboardFile = Main;
				INFOPLIST_KEY_UISupportedInterfaceOrientations_iPad = "UIInterfaceOrientationPortrait UIInterfaceOrientationPortraitUpsideDown UIInterfaceOrientationLandscapeLeft UIInterfaceOrientationLandscapeRight";
				INFOPLIST_KEY_UISupportedInterfaceOrientations_iPhone = "UIInterfaceOrientationPortrait UIInterfaceOrientationLandscapeLeft UIInterfaceOrientationLandscapeRight";
				LD_RUNPATH_SEARCH_PATHS = (
					"$(inherited)",
					"@executable_path/Frameworks",
				);
				MARKETING_VERSION = 1.0;
				PRODUCT_BUNDLE_IDENTIFIER = "fernandezreyes.d.IOS101-prework";
				PRODUCT_NAME = "$(TARGET_NAME)";
				SWIFT_EMIT_LOC_STRINGS = YES;
				SWIFT_VERSION = 5.0;
				TARGETED_DEVICE_FAMILY = "1,2";
			};
			name = Release;
		};
		ABB5330C2D2E28790098A4F3 /* Debug */ = {
			isa = XCBuildConfiguration;
			buildSettings = {
				ALWAYS_SEARCH_USER_PATHS = NO;
				ASSETCATALOG_COMPILER_GENERATE_SWIFT_ASSET_SYMBOL_EXTENSIONS = YES;
				CLANG_ANALYZER_NONNULL = YES;
				CLANG_ANALYZER_NUMBER_OBJECT_CONVERSION = YES_AGGRESSIVE;
				CLANG_CXX_LANGUAGE_STANDARD = "gnu++20";
				CLANG_ENABLE_MODULES = YES;
				CLANG_ENABLE_OBJC_ARC = YES;
				CLANG_ENABLE_OBJC_WEAK = YES;
				CLANG_WARN_BLOCK_CAPTURE_AUTORELEASING = YES;
				CLANG_WARN_BOOL_CONVERSION = YES;
				CLANG_WARN_COMMA = YES;
				CLANG_WARN_CONSTANT_CONVERSION = YES;
				CLANG_WARN_DEPRECATED_OBJC_IMPLEMENTATIONS = YES;
				CLANG_WARN_DIRECT_OBJC_ISA_USAGE = YES_ERROR;
				CLANG_WARN_DOCUMENTATION_COMMENTS = YES;
				CLANG_WARN_EMPTY_BODY = YES;
				CLANG_WARN_ENUM_CONVERSION = YES;
				CLANG_WARN_INFINITE_RECURSION = YES;
				CLANG_WARN_INT_CONVERSION = YES;
				CLANG_WARN_NON_LITERAL_NULL_CONVERSION = YES;
				CLANG_WARN_OBJC_IMPLICIT_RETAIN_SELF = YES;
				CLANG_WARN_OBJC_LITERAL_CONVERSION = YES;
				CLANG_WARN_OBJC_ROOT_CLASS = YES_ERROR;
				CLANG_WARN_QUOTED_INCLUDE_IN_FRAMEWORK_HEADER = YES;
				CLANG_WARN_RANGE_LOOP_ANALYSIS = YES;
				CLANG_WARN_STRICT_PROTOTYPES = YES;
				CLANG_WARN_SUSPICIOUS_MOVE = YES;
				CLANG_WARN_UNGUARDED_AVAILABILITY = YES_AGGRESSIVE;
				CLANG_WARN_UNREACHABLE_CODE = YES;
				CLANG_WARN__DUPLICATE_METHOD_MATCH = YES;
				COPY_PHASE_STRIP = NO;
				DEBUG_INFORMATION_FORMAT = dwarf;
				ENABLE_STRICT_OBJC_MSGSEND = YES;
				ENABLE_TESTABILITY = YES;
				ENABLE_USER_SCRIPT_SANDBOXING = YES;
				GCC_C_LANGUAGE_STANDARD = gnu17;
				GCC_DYNAMIC_NO_PIC = NO;
				GCC_NO_COMMON_BLOCKS = YES;
				GCC_OPTIMIZATION_LEVEL = 0;
				GCC_PREPROCESSOR_DEFINITIONS = (
					"DEBUG=1",
					"$(inherited)",
				);
				GCC_WARN_64_TO_32_BIT_CONVERSION = YES;
				GCC_WARN_ABOUT_RETURN_TYPE = YES_ERROR;
				GCC_WARN_UNDECLARED_SELECTOR = YES;
				GCC_WARN_UNINITIALIZED_AUTOS = YES_AGGRESSIVE;
				GCC_WARN_UNUSED_FUNCTION = YES;
				GCC_WARN_UNUSED_VARIABLE = YES;
				IPHONEOS_DEPLOYMENT_TARGET = 18.2;
				LOCALIZATION_PREFERS_STRING_CATALOGS = YES;
				MTL_ENABLE_DEBUG_INFO = INCLUDE_SOURCE;
				MTL_FAST_MATH = YES;
				ONLY_ACTIVE_ARCH = YES;
				SDKROOT = iphoneos;
				SWIFT_ACTIVE_COMPILATION_CONDITIONS = "DEBUG $(inherited)";
				SWIFT_OPTIMIZATION_LEVEL = "-Onone";
			};
			name = Debug;
		};
		ABB5330D2D2E28790098A4F3 /* Release */ = {
			isa = XCBuildConfiguration;
			buildSettings = {
				ALWAYS_SEARCH_USER_PATHS = NO;
				ASSETCATALOG_COMPILER_GENERATE_SWIFT_ASSET_SYMBOL_EXTENSIONS = YES;
				CLANG_ANALYZER_NONNULL = YES;
				CLANG_ANALYZER_NUMBER_OBJECT_CONVERSION = YES_AGGRESSIVE;
				CLANG_CXX_LANGUAGE_STANDARD = "gnu++20";
				CLANG_ENABLE_MODULES = YES;
				CLANG_ENABLE_OBJC_ARC = YES;
				CLANG_ENABLE_OBJC_WEAK = YES;
				CLANG_WARN_BLOCK_CAPTURE_AUTORELEASING = YES;
				CLANG_WARN_BOOL_CONVERSION = YES;
				CLANG_WARN_COMMA = YES;
				CLANG_WARN_CONSTANT_CONVERSION = YES;
				CLANG_WARN_DEPRECATED_OBJC_IMPLEMENTATIONS = YES;
				CLANG_WARN_DIRECT_OBJC_ISA_USAGE = YES_ERROR;
				CLANG_WARN_DOCUMENTATION_COMMENTS = YES;
				CLANG_WARN_EMPTY_BODY = YES;
				CLANG_WARN_ENUM_CONVERSION = YES;
				CLANG_WARN_INFINITE_RECURSION = YES;
				CLANG_WARN_INT_CONVERSION = YES;
				CLANG_WARN_NON_LITERAL_NULL_CONVERSION = YES;
				CLANG_WARN_OBJC_IMPLICIT_RETAIN_SELF = YES;
				CLANG_WARN_OBJC_LITERAL_CONVERSION = YES;
				CLANG_WARN_OBJC_ROOT_CLASS = YES_ERROR;
				CLANG_WARN_QUOTED_INCLUDE_IN_FRAMEWORK_HEADER = YES;
				CLANG_WARN_RANGE_LOOP_ANALYSIS = YES;
				CLANG_WARN_STRICT_PROTOTYPES = YES;
				CLANG_WARN_SUSPICIOUS_MOVE = YES;
				CLANG_WARN_UNGUARDED_AVAILABILITY = YES_AGGRESSIVE;
				CLANG_WARN_UNREACHABLE_CODE = YES;
				CLANG_WARN__DUPLICATE_METHOD_MATCH = YES;
				COPY_PHASE_STRIP = NO;
				DEBUG_INFORMATION_FORMAT = "dwarf-with-dsym";
				ENABLE_NS_ASSERTIONS = NO;
				ENABLE_STRICT_OBJC_MSGSEND = YES;
				ENABLE_USER_SCRIPT_SANDBOXING = YES;
				GCC_C_LANGUAGE_STANDARD = gnu17;
				GCC_NO_COMMON_BLOCKS = YES;
				GCC_WARN_64_TO_32_BIT_CONVERSION = YES;
				GCC_WARN_ABOUT_RETURN_TYPE = YES_ERROR;
				GCC_WARN_UNDECLARED_SELECTOR = YES;
				GCC_WARN_UNINITIALIZED_AUTOS = YES_AGGRESSIVE;
				GCC_WARN_UNUSED_FUNCTION = YES;
				GCC_WARN_UNUSED_VARIABLE = YES;
				IPHONEOS_DEPLOYMENT_TARGET = 18.2;
				LOCALIZATION_PREFERS_STRING_CATALOGS = YES;
				MTL_ENABLE_DEBUG_INFO = NO;
				MTL_FAST_MATH = YES;
				SDKROOT = iphoneos;
				SWIFT_COMPILATION_MODE = wholemodule;
				VALIDATE_PRODUCT = YES;
			};
			name = Release;
		};
		ABB5330F2D2E28790098A4F3 /* Debug */ = {
			isa = XCBuildConfiguration;
			buildSettings = {
				BUNDLE_LOADER = "$(TEST_HOST)";
				CODE_SIGN_STYLE = Automatic;
				CURRENT_PROJECT_VERSION = 1;
				GENERATE_INFOPLIST_FILE = YES;
				IPHONEOS_DEPLOYMENT_TARGET = 18.2;
				MARKETING_VERSION = 1.0;
				PRODUCT_BUNDLE_IDENTIFIER = "fernandezreyes.d.IOS101-preworkTests";
				PRODUCT_NAME = "$(TARGET_NAME)";
				SWIFT_EMIT_LOC_STRINGS = NO;
				SWIFT_VERSION = 5.0;
				TARGETED_DEVICE_FAMILY = "1,2";
				TEST_HOST = "$(BUILT_PRODUCTS_DIR)/IOS101-prework.app/$(BUNDLE_EXECUTABLE_FOLDER_PATH)/IOS101-prework";
			};
			name = Debug;
		};
		ABB533102D2E28790098A4F3 /* Release */ = {
			isa = XCBuildConfiguration;
			buildSettings = {
				BUNDLE_LOADER = "$(TEST_HOST)";
				CODE_SIGN_STYLE = Automatic;
				CURRENT_PROJECT_VERSION = 1;
				GENERATE_INFOPLIST_FILE = YES;
				IPHONEOS_DEPLOYMENT_TARGET = 18.2;
				MARKETING_VERSION = 1.0;
				PRODUCT_BUNDLE_IDENTIFIER = "fernandezreyes.d.IOS101-preworkTests";
				PRODUCT_NAME = "$(TARGET_NAME)";
				SWIFT_EMIT_LOC_STRINGS = NO;
				SWIFT_VERSION = 5.0;
				TARGETED_DEVICE_FAMILY = "1,2";
				TEST_HOST = "$(BUILT_PRODUCTS_DIR)/IOS101-prework.app/$(BUNDLE_EXECUTABLE_FOLDER_PATH)/IOS101-prework";
			};
			name = Release;
		};
		ABB533122D2E28790098A4F3 /* Debug */ = {
			isa = XCBuildConfiguration;
			buildSettings = {
				CODE_SIGN_STYLE = Automatic;
				CURRENT_PROJECT_VERSION = 1;
				GENERATE_INFOPLIST_FILE = YES;
				MARKETING_VERSION = 1.0;
				PRODUCT_BUNDLE_IDENTIFIER = "fernandezreyes.d.IOS101-preworkUITests";
				PRODUCT_NAME = "$(TARGET_NAME)";
				SWIFT_EMIT_LOC_STRINGS = NO;
				SWIFT_VERSION = 5.0;
				TARGETED_DEVICE_FAMILY = "1,2";
				TEST_TARGET_NAME = "IOS101-prework";
			};
			name = Debug;
		};
		ABB533132D2E28790098A4F3 /* Release */ = {
			isa = XCBuildConfiguration;
			buildSettings = {
				CODE_SIGN_STYLE = Automatic;
				CURRENT_PROJECT_VERSION = 1;
				GENERATE_INFOPLIST_FILE = YES;
				MARKETING_VERSION = 1.0;
				PRODUCT_BUNDLE_IDENTIFIER = "fernandezreyes.d.IOS101-preworkUITests";
				PRODUCT_NAME = "$(TARGET_NAME)";
				SWIFT_EMIT_LOC_STRINGS = NO;
				SWIFT_VERSION = 5.0;
				TARGETED_DEVICE_FAMILY = "1,2";
				TEST_TARGET_NAME = "IOS101-prework";
			};
			name = Release;
		};
/* End XCBuildConfiguration section */

/* Begin XCConfigurationList section */
		ABB532DB2D2E28750098A4F3 /* Build configuration list for PBXProject "IOS101-prework" */ = {
			isa = XCConfigurationList;
			buildConfigurations = (
				ABB5330C2D2E28790098A4F3 /* Debug */,
				ABB5330D2D2E28790098A4F3 /* Release */,
			);
			defaultConfigurationIsVisible = 0;
			defaultConfigurationName = Release;
		};
		ABB533092D2E28790098A4F3 /* Build configuration list for PBXNativeTarget "IOS101-prework" */ = {
			isa = XCConfigurationList;
			buildConfigurations = (
				ABB5330A2D2E28790098A4F3 /* Debug */,
				ABB5330B2D2E28790098A4F3 /* Release */,
			);
			defaultConfigurationIsVisible = 0;
			defaultConfigurationName = Release;
		};
		ABB5330E2D2E28790098A4F3 /* Build configuration list for PBXNativeTarget "IOS101-preworkTests" */ = {
			isa = XCConfigurationList;
			buildConfigurations = (
				ABB5330F2D2E28790098A4F3 /* Debug */,
				ABB533102D2E28790098A4F3 /* Release */,
			);
			defaultConfigurationIsVisible = 0;
			defaultConfigurationName = Release;
		};
		ABB533112D2E28790098A4F3 /* Build configuration list for PBXNativeTarget "IOS101-preworkUITests" */ = {
			isa = XCConfigurationList;
			buildConfigurations = (
				ABB533122D2E28790098A4F3 /* Debug */,
				ABB533132D2E28790098A4F3 /* Release */,
			);
			defaultConfigurationIsVisible = 0;
			defaultConfigurationName = Release;
		};
/* End XCConfigurationList section */
	};
	rootObject = ABB532D82D2E28750098A4F3 /* Project object */;
}
